
Microsoft Visual Studio Solution File, Format Version 12.00
# Visual Studio Version 17
VisualStudioVersion = 17.4.33403.182
MinimumVisualStudioVersion = 10.0.40219.1
Project("{FAE04EC0-301F-11D3-BF4B-00C04F79EFBC}") = "Core", "Core\Core.csproj", "{BA18A546-AA32-40FA-9480-A388C91F1EA9}"
EndProject
Project("{FAE04EC0-301F-11D3-BF4B-00C04F79EFBC}") = "Data", "Data\Data.csproj", "{2BD9F892-E19A-46DF-B841-CC70D98C0442}"
	ProjectSection(ProjectDependencies) = postProject
		{BA18A546-AA32-40FA-9480-A388C91F1EA9} = {BA18A546-AA32-40FA-9480-A388C91F1EA9}
	EndProjectSection
EndProject
Project("{FAE04EC0-301F-11D3-BF4B-00C04F79EFBC}") = "Presentation", "Presentation\Presentation.csproj", "{D0148256-93D8-4E57-BDA1-675998588E7A}"
	ProjectSection(ProjectDependencies) = postProject
		{2BD9F892-E19A-46DF-B841-CC70D98C0442} = {2BD9F892-E19A-46DF-B841-CC70D98C0442}
	EndProjectSection
EndProject
Global
	GlobalSection(SolutionConfigurationPlatforms) = preSolution
		Debug|Any CPU = Debug|Any CPU
		Release|Any CPU = Release|Any CPU
	EndGlobalSection
	GlobalSection(ProjectConfigurationPlatforms) = postSolution
		{BA18A546-AA32-40FA-9480-A388C91F1EA9}.Debug|Any CPU.ActiveCfg = Debug|Any CPU
		{BA18A546-AA32-40FA-9480-A388C91F1EA9}.Debug|Any CPU.Build.0 = Debug|Any CPU
		{BA18A546-AA32-40FA-9480-A388C91F1EA9}.Release|Any CPU.ActiveCfg = Release|Any CPU
		{BA18A546-AA32-40FA-9480-A388C91F1EA9}.Release|Any CPU.Build.0 = Release|Any CPU
		{2BD9F892-E19A-46DF-B841-CC70D98C0442}.Debug|Any CPU.ActiveCfg = Debug|Any CPU
		{2BD9F892-E19A-46DF-B841-CC70D98C0442}.Debug|Any CPU.Build.0 = Debug|Any CPU
		{2BD9F892-E19A-46DF-B841-CC70D98C0442}.Release|Any CPU.ActiveCfg = Release|Any CPU
		{2BD9F892-E19A-46DF-B841-CC70D98C0442}.Release|Any CPU.Build.0 = Release|Any CPU
		{D0148256-93D8-4E57-BDA1-675998588E7A}.Debug|Any CPU.ActiveCfg = Debug|Any CPU
		{D0148256-93D8-4E57-BDA1-675998588E7A}.Debug|Any CPU.Build.0 = Debug|Any CPU
		{D0148256-93D8-4E57-BDA1-675998588E7A}.Release|Any CPU.ActiveCfg = Release|Any CPU
		{D0148256-93D8-4E57-BDA1-675998588E7A}.Release|Any CPU.Build.0 = Release|Any CPU
	EndGlobalSection
	GlobalSection(SolutionProperties) = preSolution
		HideSolutionNode = FALSE
	EndGlobalSection
	GlobalSection(ExtensibilityGlobals) = postSolution
		SolutionGuid = {BD39D2DC-8CC7-4044-9497-21A9EAF4AEFF}
	EndGlobalSection
EndGlobal
